
Microsoft Visual Studio Solution File, Format Version 12.00
# Visual Studio Version 17
VisualStudioVersion = 17.1.32421.90
MinimumVisualStudioVersion = 10.0.40219.1
Project("{FAE04EC0-301F-11D3-BF4B-00C04F79EFBC}") = "ConsoleLearn", "ConsoleLearn.csproj", "{273EBA70-5105-428D-A840-E843C5EE9525}"
EndProject
Global
	GlobalSection(SolutionConfigurationPlatforms) = preSolution
		Debug|Any CPU = Debug|Any CPU
		Release|Any CPU = Release|Any CPU
	EndGlobalSection
	GlobalSection(ProjectConfigurationPlatforms) = postSolution
		{273EBA70-5105-428D-A840-E843C5EE9525}.Debug|Any CPU.ActiveCfg = Debug|Any CPU
		{273EBA70-5105-428D-A840-E843C5EE9525}.Debug|Any CPU.Build.0 = Debug|Any CPU
		{273EBA70-5105-428D-A840-E843C5EE9525}.Release|Any CPU.ActiveCfg = Release|Any CPU
		{273EBA70-5105-428D-A840-E843C5EE9525}.Release|Any CPU.Build.0 = Release|Any CPU
	EndGlobalSection
	GlobalSection(SolutionProperties) = preSolution
		HideSolutionNode = FALSE
	EndGlobalSection
	GlobalSection(ExtensibilityGlobals) = postSolution
		SolutionGuid = {9CAE4E67-9CB4-4D6B-AEA7-1C1A65BF8BE8}
	EndGlobalSection
EndGlobal
